// !$*UTF8*$!
{
	archiveVersion = 1;
	classes = {
	};
	objectVersion = 50;
	objects = {

/* Begin PBXBuildFile section */
		9E016E15222EDE4900DD4FDA /* AppDelegate.swift in Sources */ = {isa = PBXBuildFile; fileRef = 9E016E14222EDE4900DD4FDA /* AppDelegate.swift */; };
		9E016E17222EDE4900DD4FDA /* MainVC.swift in Sources */ = {isa = PBXBuildFile; fileRef = 9E016E16222EDE4900DD4FDA /* MainVC.swift */; };
		9E016E1A222EDE4900DD4FDA /* Main.storyboard in Resources */ = {isa = PBXBuildFile; fileRef = 9E016E18222EDE4900DD4FDA /* Main.storyboard */; };
		9E016E1C222EDE4B00DD4FDA /* Assets.xcassets in Resources */ = {isa = PBXBuildFile; fileRef = 9E016E1B222EDE4B00DD4FDA /* Assets.xcassets */; };
		9E016E1F222EDE4B00DD4FDA /* LaunchScreen.storyboard in Resources */ = {isa = PBXBuildFile; fileRef = 9E016E1D222EDE4B00DD4FDA /* LaunchScreen.storyboard */; };
		9E016E28222EE4E900DD4FDA /* Delm-Medium.otf in Resources */ = {isa = PBXBuildFile; fileRef = 9E016E26222EE4E900DD4FDA /* Delm-Medium.otf */; };
		9E016E29222EE4E900DD4FDA /* ThirstySoftRegular.otf in Resources */ = {isa = PBXBuildFile; fileRef = 9E016E27222EE4E900DD4FDA /* ThirstySoftRegular.otf */; };
		9E370AD0223A5FA200AF9BF3 /* ColorPickerVC.swift in Sources */ = {isa = PBXBuildFile; fileRef = 9E370ACF223A5FA200AF9BF3 /* ColorPickerVC.swift */; };
		9E83FAF6223128650010AC2A /* ImageGridView.swift in Sources */ = {isa = PBXBuildFile; fileRef = 9E83FAF5223128650010AC2A /* ImageGridView.swift */; };
		9ECDF81222313A30005DE1B1 /* LayoutSelectionView.swift in Sources */ = {isa = PBXBuildFile; fileRef = 9ECDF81122313A30005DE1B1 /* LayoutSelectionView.swift */; };
		9ECDF814223156F6005DE1B1 /* Layouts.swift in Sources */ = {isa = PBXBuildFile; fileRef = 9ECDF813223156F6005DE1B1 /* Layouts.swift */; };
		9ECDF81822315D72005DE1B1 /* SwipeStackView.swift in Sources */ = {isa = PBXBuildFile; fileRef = 9ECDF81722315D72005DE1B1 /* SwipeStackView.swift */; };
		9ECDF81A22318F95005DE1B1 /* Layout1.xib in Resources */ = {isa = PBXBuildFile; fileRef = 9ECDF81922318F95005DE1B1 /* Layout1.xib */; };
		9ECDF81D2231953C005DE1B1 /* Layout3.xib in Resources */ = {isa = PBXBuildFile; fileRef = 9ECDF81B2231953C005DE1B1 /* Layout3.xib */; };
		9ECDF81E2231953C005DE1B1 /* Layout2.xib in Resources */ = {isa = PBXBuildFile; fileRef = 9ECDF81C2231953C005DE1B1 /* Layout2.xib */; };
		9ECDF8202231B11D005DE1B1 /* Layout1.swift in Sources */ = {isa = PBXBuildFile; fileRef = 9ECDF81F2231B11D005DE1B1 /* Layout1.swift */; };
		9ECDF8222231B129005DE1B1 /* Layout2.swift in Sources */ = {isa = PBXBuildFile; fileRef = 9ECDF8212231B129005DE1B1 /* Layout2.swift */; };
		9ECDF8242231B134005DE1B1 /* Layout3.swift in Sources */ = {isa = PBXBuildFile; fileRef = 9ECDF8232231B134005DE1B1 /* Layout3.swift */; };
		9ECDF82B22341925005DE1B1 /* StandardLayout.swift in Sources */ = {isa = PBXBuildFile; fileRef = 9ECDF82A22341925005DE1B1 /* StandardLayout.swift */; };
/* End PBXBuildFile section */

/* Begin PBXFileReference section */
		9E016E11222EDE4900DD4FDA /* Instagrid.app */ = {isa = PBXFileReference; explicitFileType = wrapper.application; includeInIndex = 0; path = Instagrid.app; sourceTree = BUILT_PRODUCTS_DIR; };
		9E016E14222EDE4900DD4FDA /* AppDelegate.swift */ = {isa = PBXFileReference; lastKnownFileType = sourcecode.swift; path = AppDelegate.swift; sourceTree = "<group>"; };
		9E016E16222EDE4900DD4FDA /* MainVC.swift */ = {isa = PBXFileReference; lastKnownFileType = sourcecode.swift; path = MainVC.swift; sourceTree = "<group>"; };
		9E016E19222EDE4900DD4FDA /* Base */ = {isa = PBXFileReference; lastKnownFileType = file.storyboard; name = Base; path = Base.lproj/Main.storyboard; sourceTree = "<group>"; };
		9E016E1B222EDE4B00DD4FDA /* Assets.xcassets */ = {isa = PBXFileReference; lastKnownFileType = folder.assetcatalog; path = Assets.xcassets; sourceTree = "<group>"; };
		9E016E1E222EDE4B00DD4FDA /* Base */ = {isa = PBXFileReference; lastKnownFileType = file.storyboard; name = Base; path = Base.lproj/LaunchScreen.storyboard; sourceTree = "<group>"; };
		9E016E20222EDE4B00DD4FDA /* Info.plist */ = {isa = PBXFileReference; lastKnownFileType = text.plist.xml; path = Info.plist; sourceTree = "<group>"; };
		9E016E26222EE4E900DD4FDA /* Delm-Medium.otf */ = {isa = PBXFileReference; lastKnownFileType = file; path = "Delm-Medium.otf"; sourceTree = "<group>"; };
		9E016E27222EE4E900DD4FDA /* ThirstySoftRegular.otf */ = {isa = PBXFileReference; lastKnownFileType = file; path = ThirstySoftRegular.otf; sourceTree = "<group>"; };
		9E370ACF223A5FA200AF9BF3 /* ColorPickerVC.swift */ = {isa = PBXFileReference; lastKnownFileType = sourcecode.swift; path = ColorPickerVC.swift; sourceTree = "<group>"; };
		9E83FAF5223128650010AC2A /* ImageGridView.swift */ = {isa = PBXFileReference; lastKnownFileType = sourcecode.swift; path = ImageGridView.swift; sourceTree = "<group>"; };
		9ECDF81122313A30005DE1B1 /* LayoutSelectionView.swift */ = {isa = PBXFileReference; lastKnownFileType = sourcecode.swift; path = LayoutSelectionView.swift; sourceTree = "<group>"; };
		9ECDF813223156F6005DE1B1 /* Layouts.swift */ = {isa = PBXFileReference; lastKnownFileType = sourcecode.swift; path = Layouts.swift; sourceTree = "<group>"; };
		9ECDF81722315D72005DE1B1 /* SwipeStackView.swift */ = {isa = PBXFileReference; lastKnownFileType = sourcecode.swift; path = SwipeStackView.swift; sourceTree = "<group>"; };
		9ECDF81922318F95005DE1B1 /* Layout1.xib */ = {isa = PBXFileReference; lastKnownFileType = file.xib; path = Layout1.xib; sourceTree = "<group>"; };
		9ECDF81B2231953C005DE1B1 /* Layout3.xib */ = {isa = PBXFileReference; fileEncoding = 4; lastKnownFileType = file.xib; path = Layout3.xib; sourceTree = "<group>"; };
		9ECDF81C2231953C005DE1B1 /* Layout2.xib */ = {isa = PBXFileReference; fileEncoding = 4; lastKnownFileType = file.xib; path = Layout2.xib; sourceTree = "<group>"; };
		9ECDF81F2231B11D005DE1B1 /* Layout1.swift */ = {isa = PBXFileReference; lastKnownFileType = sourcecode.swift; path = Layout1.swift; sourceTree = "<group>"; };
		9ECDF8212231B129005DE1B1 /* Layout2.swift */ = {isa = PBXFileReference; lastKnownFileType = sourcecode.swift; path = Layout2.swift; sourceTree = "<group>"; };
		9ECDF8232231B134005DE1B1 /* Layout3.swift */ = {isa = PBXFileReference; lastKnownFileType = sourcecode.swift; path = Layout3.swift; sourceTree = "<group>"; };
		9ECDF82A22341925005DE1B1 /* StandardLayout.swift */ = {isa = PBXFileReference; lastKnownFileType = sourcecode.swift; path = StandardLayout.swift; sourceTree = "<group>"; };
/* End PBXFileReference section */

/* Begin PBXFrameworksBuildPhase section */
		9E016E0E222EDE4900DD4FDA /* Frameworks */ = {
			isa = PBXFrameworksBuildPhase;
			buildActionMask = 2147483647;
			files = (
			);
			runOnlyForDeploymentPostprocessing = 0;
		};
/* End PBXFrameworksBuildPhase section */

/* Begin PBXGroup section */
		9E016E08222EDE4900DD4FDA = {
			isa = PBXGroup;
			children = (
				9E016E13222EDE4900DD4FDA /* Instagrid */,
				9E016E12222EDE4900DD4FDA /* Products */,
			);
			sourceTree = "<group>";
		};
		9E016E12222EDE4900DD4FDA /* Products */ = {
			isa = PBXGroup;
			children = (
				9E016E11222EDE4900DD4FDA /* Instagrid.app */,
			);
			name = Products;
			sourceTree = "<group>";
		};
		9E016E13222EDE4900DD4FDA /* Instagrid */ = {
			isa = PBXGroup;
			children = (
				9E016E2D222EE59400DD4FDA /* Supporting files */,
				9E016E2C222EE57F00DD4FDA /* Model */,
				9E016E2B222EE57C00DD4FDA /* View */,
				9E016E2A222EE57900DD4FDA /* Controller */,
			);
			path = Instagrid;
			sourceTree = "<group>";
		};
		9E016E2A222EE57900DD4FDA /* Controller */ = {
			isa = PBXGroup;
			children = (
				9E016E16222EDE4900DD4FDA /* MainVC.swift */,
				9E370ACF223A5FA200AF9BF3 /* ColorPickerVC.swift */,
			);
			path = Controller;
			sourceTree = "<group>";
		};
		9E016E2B222EE57C00DD4FDA /* View */ = {
			isa = PBXGroup;
			children = (
				9ECDF8272232CB27005DE1B1 /* Xib */,
				9ECDF8262232CAF9005DE1B1 /* Storyboard */,
				9ECDF8252232CAE5005DE1B1 /* UIView */,
				9ECDF81722315D72005DE1B1 /* SwipeStackView.swift */,
			);
			path = View;
			sourceTree = "<group>";
		};
		9E016E2C222EE57F00DD4FDA /* Model */ = {
			isa = PBXGroup;
			children = (
				9ECDF813223156F6005DE1B1 /* Layouts.swift */,
			);
			path = Model;
			sourceTree = "<group>";
		};
		9E016E2D222EE59400DD4FDA /* Supporting files */ = {
			isa = PBXGroup;
			children = (
				9E016E27222EE4E900DD4FDA /* ThirstySoftRegular.otf */,
				9E016E26222EE4E900DD4FDA /* Delm-Medium.otf */,
				9E016E1B222EDE4B00DD4FDA /* Assets.xcassets */,
				9E016E20222EDE4B00DD4FDA /* Info.plist */,
				9E016E14222EDE4900DD4FDA /* AppDelegate.swift */,
			);
			path = "Supporting files";
			sourceTree = "<group>";
		};
		9ECDF8252232CAE5005DE1B1 /* UIView */ = {
			isa = PBXGroup;
			children = (
				9ECDF81122313A30005DE1B1 /* LayoutSelectionView.swift */,
				9E83FAF5223128650010AC2A /* ImageGridView.swift */,
				9ECDF81F2231B11D005DE1B1 /* Layout1.swift */,
				9ECDF8212231B129005DE1B1 /* Layout2.swift */,
				9ECDF8232231B134005DE1B1 /* Layout3.swift */,
				9ECDF82A22341925005DE1B1 /* StandardLayout.swift */,
			);
			path = UIView;
			sourceTree = "<group>";
		};
		9ECDF8262232CAF9005DE1B1 /* Storyboard */ = {
			isa = PBXGroup;
			children = (
				9E016E18222EDE4900DD4FDA /* Main.storyboard */,
				9E016E1D222EDE4B00DD4FDA /* LaunchScreen.storyboard */,
			);
			path = Storyboard;
			sourceTree = "<group>";
		};
		9ECDF8272232CB27005DE1B1 /* Xib */ = {
			isa = PBXGroup;
			children = (
				9ECDF81B2231953C005DE1B1 /* Layout3.xib */,
				9ECDF81C2231953C005DE1B1 /* Layout2.xib */,
				9ECDF81922318F95005DE1B1 /* Layout1.xib */,
			);
			path = Xib;
			sourceTree = "<group>";
		};
/* End PBXGroup section */

/* Begin PBXNativeTarget section */
		9E016E10222EDE4900DD4FDA /* Instagrid */ = {
			isa = PBXNativeTarget;
			buildConfigurationList = 9E016E23222EDE4B00DD4FDA /* Build configuration list for PBXNativeTarget "Instagrid" */;
			buildPhases = (
				9E016E0D222EDE4900DD4FDA /* Sources */,
				9E016E0E222EDE4900DD4FDA /* Frameworks */,
				9E016E0F222EDE4900DD4FDA /* Resources */,
			);
			buildRules = (
			);
			dependencies = (
			);
			name = Instagrid;
			productName = Instagrid;
			productReference = 9E016E11222EDE4900DD4FDA /* Instagrid.app */;
			productType = "com.apple.product-type.application";
		};
/* End PBXNativeTarget section */

/* Begin PBXProject section */
		9E016E09222EDE4900DD4FDA /* Project object */ = {
			isa = PBXProject;
			attributes = {
				LastSwiftUpdateCheck = 1010;
				LastUpgradeCheck = 1010;
				ORGANIZATIONNAME = "Kévin Courtois";
				TargetAttributes = {
					9E016E10222EDE4900DD4FDA = {
						CreatedOnToolsVersion = 10.1;
					};
				};
			};
			buildConfigurationList = 9E016E0C222EDE4900DD4FDA /* Build configuration list for PBXProject "Instagrid" */;
			compatibilityVersion = "Xcode 9.3";
			developmentRegion = en;
			hasScannedForEncodings = 0;
			knownRegions = (
				en,
				Base,
			);
			mainGroup = 9E016E08222EDE4900DD4FDA;
			productRefGroup = 9E016E12222EDE4900DD4FDA /* Products */;
			projectDirPath = "";
			projectRoot = "";
			targets = (
				9E016E10222EDE4900DD4FDA /* Instagrid */,
			);
		};
/* End PBXProject section */

/* Begin PBXResourcesBuildPhase section */
		9E016E0F222EDE4900DD4FDA /* Resources */ = {
			isa = PBXResourcesBuildPhase;
			buildActionMask = 2147483647;
			files = (
				9E016E1F222EDE4B00DD4FDA /* LaunchScreen.storyboard in Resources */,
				9ECDF81A22318F95005DE1B1 /* Layout1.xib in Resources */,
				9E016E1C222EDE4B00DD4FDA /* Assets.xcassets in Resources */,
				9E016E29222EE4E900DD4FDA /* ThirstySoftRegular.otf in Resources */,
				9ECDF81E2231953C005DE1B1 /* Layout2.xib in Resources */,
				9E016E28222EE4E900DD4FDA /* Delm-Medium.otf in Resources */,
				9ECDF81D2231953C005DE1B1 /* Layout3.xib in Resources */,
				9E016E1A222EDE4900DD4FDA /* Main.storyboard in Resources */,
			);
			runOnlyForDeploymentPostprocessing = 0;
		};
/* End PBXResourcesBuildPhase section */

/* Begin PBXSourcesBuildPhase section */
		9E016E0D222EDE4900DD4FDA /* Sources */ = {
			isa = PBXSourcesBuildPhase;
			buildActionMask = 2147483647;
			files = (
				9ECDF8222231B129005DE1B1 /* Layout2.swift in Sources */,
				9E83FAF6223128650010AC2A /* ImageGridView.swift in Sources */,
				9ECDF82B22341925005DE1B1 /* StandardLayout.swift in Sources */,
				9E370AD0223A5FA200AF9BF3 /* ColorPickerVC.swift in Sources */,
				9E016E17222EDE4900DD4FDA /* MainVC.swift in Sources */,
				9ECDF814223156F6005DE1B1 /* Layouts.swift in Sources */,
				9ECDF8202231B11D005DE1B1 /* Layout1.swift in Sources */,
				9E016E15222EDE4900DD4FDA /* AppDelegate.swift in Sources */,
				9ECDF8242231B134005DE1B1 /* Layout3.swift in Sources */,
				9ECDF81822315D72005DE1B1 /* SwipeStackView.swift in Sources */,
				9ECDF81222313A30005DE1B1 /* LayoutSelectionView.swift in Sources */,
			);
			runOnlyForDeploymentPostprocessing = 0;
		};
/* End PBXSourcesBuildPhase section */

/* Begin PBXVariantGroup section */
		9E016E18222EDE4900DD4FDA /* Main.storyboard */ = {
			isa = PBXVariantGroup;
			children = (
				9E016E19222EDE4900DD4FDA /* Base */,
			);
			name = Main.storyboard;
			sourceTree = "<group>";
		};
		9E016E1D222EDE4B00DD4FDA /* LaunchScreen.storyboard */ = {
			isa = PBXVariantGroup;
			children = (
				9E016E1E222EDE4B00DD4FDA /* Base */,
			);
			name = LaunchScreen.storyboard;
			sourceTree = "<group>";
		};
/* End PBXVariantGroup section */

/* Begin XCBuildConfiguration section */
		9E016E21222EDE4B00DD4FDA /* Debug */ = {
			isa = XCBuildConfiguration;
			buildSettings = {
				ALWAYS_SEARCH_USER_PATHS = NO;
				CLANG_ANALYZER_NONNULL = YES;
				CLANG_ANALYZER_NUMBER_OBJECT_CONVERSION = YES_AGGRESSIVE;
				CLANG_CXX_LANGUAGE_STANDARD = "gnu++14";
				CLANG_CXX_LIBRARY = "libc++";
				CLANG_ENABLE_MODULES = YES;
				CLANG_ENABLE_OBJC_ARC = YES;
				CLANG_ENABLE_OBJC_WEAK = YES;
				CLANG_WARN_BLOCK_CAPTURE_AUTORELEASING = YES;
				CLANG_WARN_BOOL_CONVERSION = YES;
				CLANG_WARN_COMMA = YES;
				CLANG_WARN_CONSTANT_CONVERSION = YES;
				CLANG_WARN_DEPRECATED_OBJC_IMPLEMENTATIONS = YES;
				CLANG_WARN_DIRECT_OBJC_ISA_USAGE = YES_ERROR;
				CLANG_WARN_DOCUMENTATION_COMMENTS = YES;
				CLANG_WARN_EMPTY_BODY = YES;
				CLANG_WARN_ENUM_CONVERSION = YES;
				CLANG_WARN_INFINITE_RECURSION = YES;
				CLANG_WARN_INT_CONVERSION = YES;
				CLANG_WARN_NON_LITERAL_NULL_CONVERSION = YES;
				CLANG_WARN_OBJC_IMPLICIT_RETAIN_SELF = YES;
				CLANG_WARN_OBJC_LITERAL_CONVERSION = YES;
				CLANG_WARN_OBJC_ROOT_CLASS = YES_ERROR;
				CLANG_WARN_RANGE_LOOP_ANALYSIS = YES;
				CLANG_WARN_STRICT_PROTOTYPES = YES;
				CLANG_WARN_SUSPICIOUS_MOVE = YES;
				CLANG_WARN_UNGUARDED_AVAILABILITY = YES_AGGRESSIVE;
				CLANG_WARN_UNREACHABLE_CODE = YES;
				CLANG_WARN__DUPLICATE_METHOD_MATCH = YES;
				CODE_SIGN_IDENTITY = "iPhone Developer";
				COPY_PHASE_STRIP = NO;
				DEBUG_INFORMATION_FORMAT = dwarf;
				ENABLE_STRICT_OBJC_MSGSEND = YES;
				ENABLE_TESTABILITY = YES;
				GCC_C_LANGUAGE_STANDARD = gnu11;
				GCC_DYNAMIC_NO_PIC = NO;
				GCC_NO_COMMON_BLOCKS = YES;
				GCC_OPTIMIZATION_LEVEL = 0;
				GCC_PREPROCESSOR_DEFINITIONS = (
					"DEBUG=1",
					"$(inherited)",
				);
				GCC_WARN_64_TO_32_BIT_CONVERSION = YES;
				GCC_WARN_ABOUT_RETURN_TYPE = YES_ERROR;
				GCC_WARN_UNDECLARED_SELECTOR = YES;
				GCC_WARN_UNINITIALIZED_AUTOS = YES_AGGRESSIVE;
				GCC_WARN_UNUSED_FUNCTION = YES;
				GCC_WARN_UNUSED_VARIABLE = YES;
				IPHONEOS_DEPLOYMENT_TARGET = 12.1;
				MTL_ENABLE_DEBUG_INFO = INCLUDE_SOURCE;
				MTL_FAST_MATH = YES;
				ONLY_ACTIVE_ARCH = YES;
				SDKROOT = iphoneos;
				SWIFT_ACTIVE_COMPILATION_CONDITIONS = DEBUG;
				SWIFT_OPTIMIZATION_LEVEL = "-Onone";
			};
			name = Debug;
		};
		9E016E22222EDE4B00DD4FDA /* Release */ = {
			isa = XCBuildConfiguration;
			buildSettings = {
				ALWAYS_SEARCH_USER_PATHS = NO;
				CLANG_ANALYZER_NONNULL = YES;
				CLANG_ANALYZER_NUMBER_OBJECT_CONVERSION = YES_AGGRESSIVE;
				CLANG_CXX_LANGUAGE_STANDARD = "gnu++14";
				CLANG_CXX_LIBRARY = "libc++";
				CLANG_ENABLE_MODULES = YES;
				CLANG_ENABLE_OBJC_ARC = YES;
				CLANG_ENABLE_OBJC_WEAK = YES;
				CLANG_WARN_BLOCK_CAPTURE_AUTORELEASING = YES;
				CLANG_WARN_BOOL_CONVERSION = YES;
				CLANG_WARN_COMMA = YES;
				CLANG_WARN_CONSTANT_CONVERSION = YES;
				CLANG_WARN_DEPRECATED_OBJC_IMPLEMENTATIONS = YES;
				CLANG_WARN_DIRECT_OBJC_ISA_USAGE = YES_ERROR;
				CLANG_WARN_DOCUMENTATION_COMMENTS = YES;
				CLANG_WARN_EMPTY_BODY = YES;
				CLANG_WARN_ENUM_CONVERSION = YES;
				CLANG_WARN_INFINITE_RECURSION = YES;
				CLANG_WARN_INT_CONVERSION = YES;
				CLANG_WARN_NON_LITERAL_NULL_CONVERSION = YES;
				CLANG_WARN_OBJC_IMPLICIT_RETAIN_SELF = YES;
				CLANG_WARN_OBJC_LITERAL_CONVERSION = YES;
				CLANG_WARN_OBJC_ROOT_CLASS = YES_ERROR;
				CLANG_WARN_RANGE_LOOP_ANALYSIS = YES;
				CLANG_WARN_STRICT_PROTOTYPES = YES;
				CLANG_WARN_SUSPICIOUS_MOVE = YES;
				CLANG_WARN_UNGUARDED_AVAILABILITY = YES_AGGRESSIVE;
				CLANG_WARN_UNREACHABLE_CODE = YES;
				CLANG_WARN__DUPLICATE_METHOD_MATCH = YES;
				CODE_SIGN_IDENTITY = "iPhone Developer";
				COPY_PHASE_STRIP = NO;
				DEBUG_INFORMATION_FORMAT = "dwarf-with-dsym";
				ENABLE_NS_ASSERTIONS = NO;
				ENABLE_STRICT_OBJC_MSGSEND = YES;
				GCC_C_LANGUAGE_STANDARD = gnu11;
				GCC_NO_COMMON_BLOCKS = YES;
				GCC_WARN_64_TO_32_BIT_CONVERSION = YES;
				GCC_WARN_ABOUT_RETURN_TYPE = YES_ERROR;
				GCC_WARN_UNDECLARED_SELECTOR = YES;
				GCC_WARN_UNINITIALIZED_AUTOS = YES_AGGRESSIVE;
				GCC_WARN_UNUSED_FUNCTION = YES;
				GCC_WARN_UNUSED_VARIABLE = YES;
				IPHONEOS_DEPLOYMENT_TARGET = 12.1;
				MTL_ENABLE_DEBUG_INFO = NO;
				MTL_FAST_MATH = YES;
				SDKROOT = iphoneos;
				SWIFT_COMPILATION_MODE = wholemodule;
				SWIFT_OPTIMIZATION_LEVEL = "-O";
				VALIDATE_PRODUCT = YES;
			};
			name = Release;
		};
		9E016E24222EDE4B00DD4FDA /* Debug */ = {
			isa = XCBuildConfiguration;
			buildSettings = {
				ASSETCATALOG_COMPILER_APPICON_NAME = AppIcon;
				CODE_SIGN_STYLE = Automatic;
				DEVELOPMENT_TEAM = 2746FV37H5;
				INFOPLIST_FILE = "$(SRCROOT)/Instagrid/Supporting files/Info.plist";
				IPHONEOS_DEPLOYMENT_TARGET = 11.0;
				LD_RUNPATH_SEARCH_PATHS = (
					"$(inherited)",
					"@executable_path/Frameworks",
				);
				PRODUCT_BUNDLE_IDENTIFIER = com.kcourtois.Instagrid;
				PRODUCT_NAME = "$(TARGET_NAME)";
				SWIFT_VERSION = 4.2;
				TARGETED_DEVICE_FAMILY = 1;
			};
			name = Debug;
		};
		9E016E25222EDE4B00DD4FDA /* Release */ = {
			isa = XCBuildConfiguration;
			buildSettings = {
				ASSETCATALOG_COMPILER_APPICON_NAME = AppIcon;
				CODE_SIGN_STYLE = Automatic;
				DEVELOPMENT_TEAM = 2746FV37H5;
				INFOPLIST_FILE = "$(SRCROOT)/Instagrid/Supporting files/Info.plist";
				IPHONEOS_DEPLOYMENT_TARGET = 11.0;
				LD_RUNPATH_SEARCH_PATHS = (
					"$(inherited)",
					"@executable_path/Frameworks",
				);
				PRODUCT_BUNDLE_IDENTIFIER = com.kcourtois.Instagrid;
				PRODUCT_NAME = "$(TARGET_NAME)";
				SWIFT_VERSION = 4.2;
				TARGETED_DEVICE_FAMILY = 1;
			};
			name = Release;
		};
/* End XCBuildConfiguration section */

/* Begin XCConfigurationList section */
		9E016E0C222EDE4900DD4FDA /* Build configuration list for PBXProject "Instagrid" */ = {
			isa = XCConfigurationList;
			buildConfigurations = (
				9E016E21222EDE4B00DD4FDA /* Debug */,
				9E016E22222EDE4B00DD4FDA /* Release */,
			);
			defaultConfigurationIsVisible = 0;
			defaultConfigurationName = Release;
		};
		9E016E23222EDE4B00DD4FDA /* Build configuration list for PBXNativeTarget "Instagrid" */ = {
			isa = XCConfigurationList;
			buildConfigurations = (
				9E016E24222EDE4B00DD4FDA /* Debug */,
				9E016E25222EDE4B00DD4FDA /* Release */,
			);
			defaultConfigurationIsVisible = 0;
			defaultConfigurationName = Release;
		};
/* End XCConfigurationList section */
	};
	rootObject = 9E016E09222EDE4900DD4FDA /* Project object */;
}
